
Microsoft Visual Studio Solution File, Format Version 12.00
# Visual Studio 14
VisualStudioVersion = 14.0.25420.1
MinimumVisualStudioVersion = 10.0.40219.1
Project("{8BC9CEB8-8B4A-11D0-8D11-00A0C91BC942}") = "Program1", "Program4\Program4.vcxproj", "{6FF34026-5DA1-4716-8430-9960B5560422}"
EndProject
Project("{8BC9CEB8-8B4A-11D0-8D11-00A0C91BC942}") = "Program2", "Program2\Program2.vcxproj", "{60B6116F-F6C8-43FA-95C1-3FF1EBEFD650}"
EndProject
Global
	GlobalSection(SolutionConfigurationPlatforms) = preSolution
		Debug|x64 = Debug|x64
		Debug|x86 = Debug|x86
		Release|x64 = Release|x64
		Release|x86 = Release|x86
	EndGlobalSection
	GlobalSection(ProjectConfigurationPlatforms) = postSolution
		{6FF34026-5DA1-4716-8430-9960B5560422}.Debug|x64.ActiveCfg = Debug|x64
		{6FF34026-5DA1-4716-8430-9960B5560422}.Debug|x64.Build.0 = Debug|x64
		{6FF34026-5DA1-4716-8430-9960B5560422}.Debug|x86.ActiveCfg = Debug|Win32
		{6FF34026-5DA1-4716-8430-9960B5560422}.Debug|x86.Build.0 = Debug|Win32
		{6FF34026-5DA1-4716-8430-9960B5560422}.Release|x64.ActiveCfg = Release|x64
		{6FF34026-5DA1-4716-8430-9960B5560422}.Release|x64.Build.0 = Release|x64
		{6FF34026-5DA1-4716-8430-9960B5560422}.Release|x86.ActiveCfg = Release|Win32
		{6FF34026-5DA1-4716-8430-9960B5560422}.Release|x86.Build.0 = Release|Win32
		{60B6116F-F6C8-43FA-95C1-3FF1EBEFD650}.Debug|x64.ActiveCfg = Debug|x64
		{60B6116F-F6C8-43FA-95C1-3FF1EBEFD650}.Debug|x64.Build.0 = Debug|x64
		{60B6116F-F6C8-43FA-95C1-3FF1EBEFD650}.Debug|x86.ActiveCfg = Debug|Win32
		{60B6116F-F6C8-43FA-95C1-3FF1EBEFD650}.Debug|x86.Build.0 = Debug|Win32
		{60B6116F-F6C8-43FA-95C1-3FF1EBEFD650}.Release|x64.ActiveCfg = Release|x64
		{60B6116F-F6C8-43FA-95C1-3FF1EBEFD650}.Release|x64.Build.0 = Release|x64
		{60B6116F-F6C8-43FA-95C1-3FF1EBEFD650}.Release|x86.ActiveCfg = Release|Win32
		{60B6116F-F6C8-43FA-95C1-3FF1EBEFD650}.Release|x86.Build.0 = Release|Win32
	EndGlobalSection
	GlobalSection(SolutionProperties) = preSolution
		HideSolutionNode = FALSE
	EndGlobalSection
EndGlobal
